
Microsoft Visual Studio Solution File, Format Version 12.00
# Visual Studio 15
VisualStudioVersion = 15.0.26730.3
MinimumVisualStudioVersion = 10.0.40219.1
Project("{FAE04EC0-301F-11D3-BF4B-00C04F79EFBC}") = "SQLAccess", "SQLAccess\SQLAccess.csproj", "{3C94309F-D6F3-4534-9139-EBA3716433EC}"
EndProject
Global
	GlobalSection(SolutionConfigurationPlatforms) = preSolution
		Debug|Any CPU = Debug|Any CPU
		Release|Any CPU = Release|Any CPU
	EndGlobalSection
	GlobalSection(ProjectConfigurationPlatforms) = postSolution
		{3C94309F-D6F3-4534-9139-EBA3716433EC}.Debug|Any CPU.ActiveCfg = Debug|Any CPU
		{3C94309F-D6F3-4534-9139-EBA3716433EC}.Debug|Any CPU.Build.0 = Debug|Any CPU
		{3C94309F-D6F3-4534-9139-EBA3716433EC}.Release|Any CPU.ActiveCfg = Release|Any CPU
		{3C94309F-D6F3-4534-9139-EBA3716433EC}.Release|Any CPU.Build.0 = Release|Any CPU
	EndGlobalSection
	GlobalSection(SolutionProperties) = preSolution
		HideSolutionNode = FALSE
	EndGlobalSection
	GlobalSection(ExtensibilityGlobals) = postSolution
		SolutionGuid = {F5A121F6-2D71-4D3E-A11D-77642B9451E3}
	EndGlobalSection
EndGlobal
